Microsoft Visual Studio Solution File, Format Version 12.00
# Visual Studio 2012
Project("{FAE04EC0-301F-11D3-BF4B-00C04F79EFBC}") = "GDEssentials", "GDEssentials.csproj", "{D67C224B-21AC-472E-A317-090520D871FC}"
EndProject
Global
	GlobalSection(SolutionConfigurationPlatforms) = preSolution
	Debug|Any CPU = Debug|Any CPU
	ExportDebug|Any CPU = ExportDebug|Any CPU
	ExportRelease|Any CPU = ExportRelease|Any CPU
	EndGlobalSection
	GlobalSection(ProjectConfigurationPlatforms) = postSolution
		{D67C224B-21AC-472E-A317-090520D871FC}.Debug|Any CPU.ActiveCfg = Debug|Any CPU
		{D67C224B-21AC-472E-A317-090520D871FC}.Debug|Any CPU.Build.0 = Debug|Any CPU
		{D67C224B-21AC-472E-A317-090520D871FC}.ExportDebug|Any CPU.ActiveCfg = ExportDebug|Any CPU
		{D67C224B-21AC-472E-A317-090520D871FC}.ExportDebug|Any CPU.Build.0 = ExportDebug|Any CPU
		{D67C224B-21AC-472E-A317-090520D871FC}.ExportRelease|Any CPU.ActiveCfg = ExportRelease|Any CPU
		{D67C224B-21AC-472E-A317-090520D871FC}.ExportRelease|Any CPU.Build.0 = ExportRelease|Any CPU
	EndGlobalSection
EndGlobal
